
Microsoft Visual Studio Solution File, Format Version 12.00
# Visual Studio Version 17
VisualStudioVersion = 17.4.33213.308
MinimumVisualStudioVersion = 10.0.40219.1
Project("{FAE04EC0-301F-11D3-BF4B-00C04F79EFBC}") = "loginsystem", "loginsystem\loginsystem.csproj", "{B04CCD2E-2DDA-4243-8C5A-44CD89D3190A}"
EndProject
Global
	GlobalSection(SolutionConfigurationPlatforms) = preSolution
		Debug|Any CPU = Debug|Any CPU
		Release|Any CPU = Release|Any CPU
	EndGlobalSection
	GlobalSection(ProjectConfigurationPlatforms) = postSolution
		{B04CCD2E-2DDA-4243-8C5A-44CD89D3190A}.Debug|Any CPU.ActiveCfg = Debug|Any CPU
		{B04CCD2E-2DDA-4243-8C5A-44CD89D3190A}.Debug|Any CPU.Build.0 = Debug|Any CPU
		{B04CCD2E-2DDA-4243-8C5A-44CD89D3190A}.Release|Any CPU.ActiveCfg = Release|Any CPU
		{B04CCD2E-2DDA-4243-8C5A-44CD89D3190A}.Release|Any CPU.Build.0 = Release|Any CPU
	EndGlobalSection
	GlobalSection(SolutionProperties) = preSolution
		HideSolutionNode = FALSE
	EndGlobalSection
	GlobalSection(ExtensibilityGlobals) = postSolution
		SolutionGuid = {8DC4A84C-139A-4D21-8389-13FB18EBCCB4}
	EndGlobalSection
EndGlobal
